
Microsoft Visual Studio Solution File, Format Version 12.00
# Visual Studio Version 17
VisualStudioVersion = 17.0.31903.59
MinimumVisualStudioVersion = 10.0.40219.1
Project("{FAE04EC0-301F-11D3-BF4B-00C04F79EFBC}") = "StudentRecords.Api", "StudentRecords.Api\StudentRecords.Api.csproj", "{7F2F599C-5E7B-44BB-903C-323B689A2AE8}"
EndProject
Project("{FAE04EC0-301F-11D3-BF4B-00C04F79EFBC}") = "StudentRecords.Web", "..\frontend\StudentRecords.Web\StudentRecords.Web.csproj", "{8ECD6C0D-6614-41C7-B22A-B937AB381FD5}"
EndProject
Project("{FAE04EC0-301F-11D3-BF4B-00C04F79EFBC}") = "StudentRecords.Mobile", "..\mobile\StudentRecords.Mobile\StudentRecords.Mobile.csproj", "{F9E70C97-CD19-44C2-AC14-A245469DD50E}"
EndProject
Global
	GlobalSection(SolutionConfigurationPlatforms) = preSolution
		Debug|Any CPU = Debug|Any CPU
		Release|Any CPU = Release|Any CPU
	EndGlobalSection
	GlobalSection(SolutionProperties) = preSolution
		HideSolutionNode = FALSE
	EndGlobalSection
	GlobalSection(ProjectConfigurationPlatforms) = postSolution
		{7F2F599C-5E7B-44BB-903C-323B689A2AE8}.Debug|Any CPU.ActiveCfg = Debug|Any CPU
		{7F2F599C-5E7B-44BB-903C-323B689A2AE8}.Debug|Any CPU.Build.0 = Debug|Any CPU
		{7F2F599C-5E7B-44BB-903C-323B689A2AE8}.Release|Any CPU.ActiveCfg = Release|Any CPU
		{7F2F599C-5E7B-44BB-903C-323B689A2AE8}.Release|Any CPU.Build.0 = Release|Any CPU
		{8ECD6C0D-6614-41C7-B22A-B937AB381FD5}.Debug|Any CPU.ActiveCfg = Debug|Any CPU
		{8ECD6C0D-6614-41C7-B22A-B937AB381FD5}.Debug|Any CPU.Build.0 = Debug|Any CPU
		{8ECD6C0D-6614-41C7-B22A-B937AB381FD5}.Release|Any CPU.ActiveCfg = Release|Any CPU
		{8ECD6C0D-6614-41C7-B22A-B937AB381FD5}.Release|Any CPU.Build.0 = Release|Any CPU
		{F9E70C97-CD19-44C2-AC14-A245469DD50E}.Debug|Any CPU.ActiveCfg = Debug|Any CPU
		{F9E70C97-CD19-44C2-AC14-A245469DD50E}.Debug|Any CPU.Build.0 = Debug|Any CPU
		{F9E70C97-CD19-44C2-AC14-A245469DD50E}.Release|Any CPU.ActiveCfg = Release|Any CPU
		{F9E70C97-CD19-44C2-AC14-A245469DD50E}.Release|Any CPU.Build.0 = Release|Any CPU
	EndGlobalSection
EndGlobal
